
Microsoft Visual Studio Solution File, Format Version 12.00
# Visual Studio Version 16
VisualStudioVersion = 16.0.30523.141
MinimumVisualStudioVersion = 10.0.40219.1
Project("{FAE04EC0-301F-11D3-BF4B-00C04F79EFBC}") = "Geolocalizador", "Geolocalizador\Geolocalizador.csproj", "{4FB2720F-6328-4323-876E-F841B5486BCF}"
EndProject
Global
	GlobalSection(SolutionConfigurationPlatforms) = preSolution
		Debug|Any CPU = Debug|Any CPU
		Release|Any CPU = Release|Any CPU
	EndGlobalSection
	GlobalSection(ProjectConfigurationPlatforms) = postSolution
		{4FB2720F-6328-4323-876E-F841B5486BCF}.Debug|Any CPU.ActiveCfg = Debug|Any CPU
		{4FB2720F-6328-4323-876E-F841B5486BCF}.Debug|Any CPU.Build.0 = Debug|Any CPU
		{4FB2720F-6328-4323-876E-F841B5486BCF}.Release|Any CPU.ActiveCfg = Release|Any CPU
		{4FB2720F-6328-4323-876E-F841B5486BCF}.Release|Any CPU.Build.0 = Release|Any CPU
	EndGlobalSection
	GlobalSection(SolutionProperties) = preSolution
		HideSolutionNode = FALSE
	EndGlobalSection
	GlobalSection(ExtensibilityGlobals) = postSolution
		SolutionGuid = {6056F9B1-079F-4D88-B3E7-E38E0A856F7E}
	EndGlobalSection
EndGlobal
